
Microsoft Visual Studio Solution File, Format Version 12.00
# Visual Studio 15
VisualStudioVersion = 15.0.26124.0
MinimumVisualStudioVersion = 15.0.26124.0
Project("{2150E333-8FDC-42A3-9474-1A3956D46DE8}") = "src", "src", "{6085D772-B4DD-45B9-922D-D10D974DF626}"
EndProject
Project("{FAE04EC0-301F-11D3-BF4B-00C04F79EFBC}") = "Peekaqueue", "src\Peekaqueue\Peekaqueue.csproj", "{64DFF1E6-9FE2-4908-A0FD-8D39CE5895A5}"
EndProject
Global
	GlobalSection(SolutionConfigurationPlatforms) = preSolution
		Debug|Any CPU = Debug|Any CPU
		Debug|x64 = Debug|x64
		Debug|x86 = Debug|x86
		Release|Any CPU = Release|Any CPU
		Release|x64 = Release|x64
		Release|x86 = Release|x86
	EndGlobalSection
	GlobalSection(SolutionProperties) = preSolution
		HideSolutionNode = FALSE
	EndGlobalSection
	GlobalSection(ProjectConfigurationPlatforms) = postSolution
		{64DFF1E6-9FE2-4908-A0FD-8D39CE5895A5}.Debug|Any CPU.ActiveCfg = Debug|Any CPU
		{64DFF1E6-9FE2-4908-A0FD-8D39CE5895A5}.Debug|Any CPU.Build.0 = Debug|Any CPU
		{64DFF1E6-9FE2-4908-A0FD-8D39CE5895A5}.Debug|x64.ActiveCfg = Debug|Any CPU
		{64DFF1E6-9FE2-4908-A0FD-8D39CE5895A5}.Debug|x64.Build.0 = Debug|Any CPU
		{64DFF1E6-9FE2-4908-A0FD-8D39CE5895A5}.Debug|x86.ActiveCfg = Debug|Any CPU
		{64DFF1E6-9FE2-4908-A0FD-8D39CE5895A5}.Debug|x86.Build.0 = Debug|Any CPU
		{64DFF1E6-9FE2-4908-A0FD-8D39CE5895A5}.Release|Any CPU.ActiveCfg = Release|Any CPU
		{64DFF1E6-9FE2-4908-A0FD-8D39CE5895A5}.Release|Any CPU.Build.0 = Release|Any CPU
		{64DFF1E6-9FE2-4908-A0FD-8D39CE5895A5}.Release|x64.ActiveCfg = Release|Any CPU
		{64DFF1E6-9FE2-4908-A0FD-8D39CE5895A5}.Release|x64.Build.0 = Release|Any CPU
		{64DFF1E6-9FE2-4908-A0FD-8D39CE5895A5}.Release|x86.ActiveCfg = Release|Any CPU
		{64DFF1E6-9FE2-4908-A0FD-8D39CE5895A5}.Release|x86.Build.0 = Release|Any CPU
	EndGlobalSection
	GlobalSection(NestedProjects) = preSolution
		{64DFF1E6-9FE2-4908-A0FD-8D39CE5895A5} = {6085D772-B4DD-45B9-922D-D10D974DF626}
	EndGlobalSection
EndGlobal
